
Microsoft Visual Studio Solution File, Format Version 12.00
# Visual Studio Version 16
VisualStudioVersion = 25.0.1704.0
MinimumVisualStudioVersion = 10.0.40219.1
Project("{FAE04EC0-301F-11D3-BF4B-00C04F79EFBC}") = "bsdiff", "bsdiff\bsdiff.csproj", "{3B01328A-C0D3-4F7F-A7CC-169A2AD57249}"
EndProject
Project("{FAE04EC0-301F-11D3-BF4B-00C04F79EFBC}") = "bsdiff.lib", "bsdiff.lib\bsdiff.lib.csproj", "{895B4E39-7DD8-40A4-B33A-8E973F7390B9}"
EndProject
Project("{FAE04EC0-301F-11D3-BF4B-00C04F79EFBC}") = "bspatch", "bspatch\bspatch.csproj", "{AFA04FF8-246A-4813-95AA-FA4A3CEEE79A}"
EndProject
Global
	GlobalSection(SolutionConfigurationPlatforms) = preSolution
		Debug|Any CPU = Debug|Any CPU
		Release|Any CPU = Release|Any CPU
	EndGlobalSection
	GlobalSection(ProjectConfigurationPlatforms) = postSolution
		{3B01328A-C0D3-4F7F-A7CC-169A2AD57249}.Debug|Any CPU.ActiveCfg = Debug|Any CPU
		{3B01328A-C0D3-4F7F-A7CC-169A2AD57249}.Debug|Any CPU.Build.0 = Debug|Any CPU
		{3B01328A-C0D3-4F7F-A7CC-169A2AD57249}.Release|Any CPU.ActiveCfg = Release|Any CPU
		{3B01328A-C0D3-4F7F-A7CC-169A2AD57249}.Release|Any CPU.Build.0 = Release|Any CPU
		{895B4E39-7DD8-40A4-B33A-8E973F7390B9}.Debug|Any CPU.ActiveCfg = Debug|Any CPU
		{895B4E39-7DD8-40A4-B33A-8E973F7390B9}.Debug|Any CPU.Build.0 = Debug|Any CPU
		{895B4E39-7DD8-40A4-B33A-8E973F7390B9}.Release|Any CPU.ActiveCfg = Release|Any CPU
		{895B4E39-7DD8-40A4-B33A-8E973F7390B9}.Release|Any CPU.Build.0 = Release|Any CPU
		{AFA04FF8-246A-4813-95AA-FA4A3CEEE79A}.Debug|Any CPU.ActiveCfg = Debug|Any CPU
		{AFA04FF8-246A-4813-95AA-FA4A3CEEE79A}.Debug|Any CPU.Build.0 = Debug|Any CPU
		{AFA04FF8-246A-4813-95AA-FA4A3CEEE79A}.Release|Any CPU.ActiveCfg = Release|Any CPU
		{AFA04FF8-246A-4813-95AA-FA4A3CEEE79A}.Release|Any CPU.Build.0 = Release|Any CPU
	EndGlobalSection
	GlobalSection(SolutionProperties) = preSolution
		HideSolutionNode = FALSE
	EndGlobalSection
	GlobalSection(ExtensibilityGlobals) = postSolution
		SolutionGuid = {DE341C56-0683-45D8-9E3A-D45636866814}
	EndGlobalSection
EndGlobal
